// !$*UTF8*$!
{
	archiveVersion = 1;
	classes = {
	};
	objectVersion = 46;
	objects = {

/* Begin PBXBuildFile section */
		A169AE511BA90210003D6CDB /* AppDelegate.swift in Sources */ = {isa = PBXBuildFile; fileRef = A169AE501BA90210003D6CDB /* AppDelegate.swift */; };
		A169AE531BA90210003D6CDB /* ViewController.swift in Sources */ = {isa = PBXBuildFile; fileRef = A169AE521BA90210003D6CDB /* ViewController.swift */; };
		A169AE561BA90210003D6CDB /* Main.storyboard in Resources */ = {isa = PBXBuildFile; fileRef = A169AE541BA90210003D6CDB /* Main.storyboard */; };
		A169AE581BA90210003D6CDB /* Images.xcassets in Resources */ = {isa = PBXBuildFile; fileRef = A169AE571BA90210003D6CDB /* Images.xcassets */; };
		A169AE5B1BA90210003D6CDB /* LaunchScreen.xib in Resources */ = {isa = PBXBuildFile; fileRef = A169AE591BA90210003D6CDB /* LaunchScreen.xib */; };
		A169AE671BA90210003D6CDB /* PhotoAppTests.swift in Sources */ = {isa = PBXBuildFile; fileRef = A169AE661BA90210003D6CDB /* PhotoAppTests.swift */; };
/* End PBXBuildFile section */

/* Begin PBXContainerItemProxy section */
		A169AE611BA90210003D6CDB /* PBXContainerItemProxy */ = {
			isa = PBXContainerItemProxy;
			containerPortal = A169AE431BA90210003D6CDB /* Project object */;
			proxyType = 1;
			remoteGlobalIDString = A169AE4A1BA90210003D6CDB;
			remoteInfo = PhotoApp;
		};
/* End PBXContainerItemProxy section */

/* Begin PBXFileReference section */
		A169AE4B1BA90210003D6CDB /* PhotoApp.app */ = {isa = PBXFileReference; explicitFileType = wrapper.application; includeInIndex = 0; path = PhotoApp.app; sourceTree = BUILT_PRODUCTS_DIR; };
		A169AE4F1BA90210003D6CDB /* Info.plist */ = {isa = PBXFileReference; lastKnownFileType = text.plist.xml; path = Info.plist; sourceTree = "<group>"; };
		A169AE501BA90210003D6CDB /* AppDelegate.swift */ = {isa = PBXFileReference; lastKnownFileType = sourcecode.swift; path = AppDelegate.swift; sourceTree = "<group>"; };
		A169AE521BA90210003D6CDB /* ViewController.swift */ = {isa = PBXFileReference; lastKnownFileType = sourcecode.swift; path = ViewController.swift; sourceTree = "<group>"; };
		A169AE551BA90210003D6CDB /* Base */ = {isa = PBXFileReference; lastKnownFileType = file.storyboard; name = Base; path = Base.lproj/Main.storyboard; sourceTree = "<group>"; };
		A169AE571BA90210003D6CDB /* Images.xcassets */ = {isa = PBXFileReference; lastKnownFileType = folder.assetcatalog; path = Images.xcassets; sourceTree = "<group>"; };
		A169AE5A1BA90210003D6CDB /* Base */ = {isa = PBXFileReference; lastKnownFileType = file.xib; name = Base; path = Base.lproj/LaunchScreen.xib; sourceTree = "<group>"; };
		A169AE601BA90210003D6CDB /* PhotoAppTests.xctest */ = {isa = PBXFileReference; explicitFileType = wrapper.cfbundle; includeInIndex = 0; path = PhotoAppTests.xctest; sourceTree = BUILT_PRODUCTS_DIR; };
		A169AE651BA90210003D6CDB /* Info.plist */ = {isa = PBXFileReference; lastKnownFileType = text.plist.xml; path = Info.plist; sourceTree = "<group>"; };
		A169AE661BA90210003D6CDB /* PhotoAppTests.swift */ = {isa = PBXFileReference; lastKnownFileType = sourcecode.swift; path = PhotoAppTests.swift; sourceTree = "<group>"; };
/* End PBXFileReference section */

/* Begin PBXFrameworksBuildPhase section */
		A169AE481BA90210003D6CDB /* Frameworks */ = {
			isa = PBXFrameworksBuildPhase;
			buildActionMask = 2147483647;
			files = (
			);
			runOnlyForDeploymentPostprocessing = 0;
		};
		A169AE5D1BA90210003D6CDB /* Frameworks */ = {
			isa = PBXFrameworksBuildPhase;
			buildActionMask = 2147483647;
			files = (
			);
			runOnlyForDeploymentPostprocessing = 0;
		};
/* End PBXFrameworksBuildPhase section */

/* Begin PBXGroup section */
		A169AE421BA90210003D6CDB = {
			isa = PBXGroup;
			children = (
				A169AE4D1BA90210003D6CDB /* PhotoApp */,
				A169AE631BA90210003D6CDB /* PhotoAppTests */,
				A169AE4C1BA90210003D6CDB /* Products */,
			);
			sourceTree = "<group>";
		};
		A169AE4C1BA90210003D6CDB /* Products */ = {
			isa = PBXGroup;
			children = (
				A169AE4B1BA90210003D6CDB /* PhotoApp.app */,
				A169AE601BA90210003D6CDB /* PhotoAppTests.xctest */,
			);
			name = Products;
			sourceTree = "<group>";
		};
		A169AE4D1BA90210003D6CDB /* PhotoApp */ = {
			isa = PBXGroup;
			children = (
				A169AE501BA90210003D6CDB /* AppDelegate.swift */,
				A169AE521BA90210003D6CDB /* ViewController.swift */,
				A169AE541BA90210003D6CDB /* Main.storyboard */,
				A169AE571BA90210003D6CDB /* Images.xcassets */,
				A169AE591BA90210003D6CDB /* LaunchScreen.xib */,
				A169AE4E1BA90210003D6CDB /* Supporting Files */,
			);
			path = PhotoApp;
			sourceTree = "<group>";
		};
		A169AE4E1BA90210003D6CDB /* Supporting Files */ = {
			isa = PBXGroup;
			children = (
				A169AE4F1BA90210003D6CDB /* Info.plist */,
			);
			name = "Supporting Files";
			sourceTree = "<group>";
		};
		A169AE631BA90210003D6CDB /* PhotoAppTests */ = {
			isa = PBXGroup;
			children = (
				A169AE661BA90210003D6CDB /* PhotoAppTests.swift */,
				A169AE641BA90210003D6CDB /* Supporting Files */,
			);
			path = PhotoAppTests;
			sourceTree = "<group>";
		};
		A169AE641BA90210003D6CDB /* Supporting Files */ = {
			isa = PBXGroup;
			children = (
				A169AE651BA90210003D6CDB /* Info.plist */,
			);
			name = "Supporting Files";
			sourceTree = "<group>";
		};
/* End PBXGroup section */

/* Begin PBXNativeTarget section */
		A169AE4A1BA90210003D6CDB /* PhotoApp */ = {
			isa = PBXNativeTarget;
			buildConfigurationList = A169AE6A1BA90210003D6CDB /* Build configuration list for PBXNativeTarget "PhotoApp" */;
			buildPhases = (
				A169AE471BA90210003D6CDB /* Sources */,
				A169AE481BA90210003D6CDB /* Frameworks */,
				A169AE491BA90210003D6CDB /* Resources */,
			);
			buildRules = (
			);
			dependencies = (
			);
			name = PhotoApp;
			productName = PhotoApp;
			productReference = A169AE4B1BA90210003D6CDB /* PhotoApp.app */;
			productType = "com.apple.product-type.application";
		};
		A169AE5F1BA90210003D6CDB /* PhotoAppTests */ = {
			isa = PBXNativeTarget;
			buildConfigurationList = A169AE6D1BA90210003D6CDB /* Build configuration list for PBXNativeTarget "PhotoAppTests" */;
			buildPhases = (
				A169AE5C1BA90210003D6CDB /* Sources */,
				A169AE5D1BA90210003D6CDB /* Frameworks */,
				A169AE5E1BA90210003D6CDB /* Resources */,
			);
			buildRules = (
			);
			dependencies = (
				A169AE621BA90210003D6CDB /* PBXTargetDependency */,
			);
			name = PhotoAppTests;
			productName = PhotoAppTests;
			productReference = A169AE601BA90210003D6CDB /* PhotoAppTests.xctest */;
			productType = "com.apple.product-type.bundle.unit-test";
		};
/* End PBXNativeTarget section */

/* Begin PBXProject section */
		A169AE431BA90210003D6CDB /* Project object */ = {
			isa = PBXProject;
			attributes = {
				LastUpgradeCheck = 0640;
				ORGANIZATIONNAME = "Victor Gomes";
				TargetAttributes = {
					A169AE4A1BA90210003D6CDB = {
						CreatedOnToolsVersion = 6.4;
					};
					A169AE5F1BA90210003D6CDB = {
						CreatedOnToolsVersion = 6.4;
						TestTargetID = A169AE4A1BA90210003D6CDB;
					};
				};
			};
			buildConfigurationList = A169AE461BA90210003D6CDB /* Build configuration list for PBXProject "PhotoApp" */;
			compatibilityVersion = "Xcode 3.2";
			developmentRegion = English;
			hasScannedForEncodings = 0;
			knownRegions = (
				en,
				Base,
			);
			mainGroup = A169AE421BA90210003D6CDB;
			productRefGroup = A169AE4C1BA90210003D6CDB /* Products */;
			projectDirPath = "";
			projectRoot = "";
			targets = (
				A169AE4A1BA90210003D6CDB /* PhotoApp */,
				A169AE5F1BA90210003D6CDB /* PhotoAppTests */,
			);
		};
/* End PBXProject section */

/* Begin PBXResourcesBuildPhase section */
		A169AE491BA90210003D6CDB /* Resources */ = {
			isa = PBXResourcesBuildPhase;
			buildActionMask = 2147483647;
			files = (
				A169AE561BA90210003D6CDB /* Main.storyboard in Resources */,
				A169AE5B1BA90210003D6CDB /* LaunchScreen.xib in Resources */,
				A169AE581BA90210003D6CDB /* Images.xcassets in Resources */,
			);
			runOnlyForDeploymentPostprocessing = 0;
		};
		A169AE5E1BA90210003D6CDB /* Resources */ = {
			isa = PBXResourcesBuildPhase;
			buildActionMask = 2147483647;
			files = (
			);
			runOnlyForDeploymentPostprocessing = 0;
		};
/* End PBXResourcesBuildPhase section */

/* Begin PBXSourcesBuildPhase section */
		A169AE471BA90210003D6CDB /* Sources */ = {
			isa = PBXSourcesBuildPhase;
			buildActionMask = 2147483647;
			files = (
				A169AE531BA90210003D6CDB /* ViewController.swift in Sources */,
				A169AE511BA90210003D6CDB /* AppDelegate.swift in Sources */,
			);
			runOnlyForDeploymentPostprocessing = 0;
		};
		A169AE5C1BA90210003D6CDB /* Sources */ = {
			isa = PBXSourcesBuildPhase;
			buildActionMask = 2147483647;
			files = (
				A169AE671BA90210003D6CDB /* PhotoAppTests.swift in Sources */,
			);
			runOnlyForDeploymentPostprocessing = 0;
		};
/* End PBXSourcesBuildPhase section */

/* Begin PBXTargetDependency section */
		A169AE621BA90210003D6CDB /* PBXTargetDependency */ = {
			isa = PBXTargetDependency;
			target = A169AE4A1BA90210003D6CDB /* PhotoApp */;
			targetProxy = A169AE611BA90210003D6CDB /* PBXContainerItemProxy */;
		};
/* End PBXTargetDependency section */

/* Begin PBXVariantGroup section */
		A169AE541BA90210003D6CDB /* Main.storyboard */ = {
			isa = PBXVariantGroup;
			children = (
				A169AE551BA90210003D6CDB /* Base */,
			);
			name = Main.storyboard;
			sourceTree = "<group>";
		};
		A169AE591BA90210003D6CDB /* LaunchScreen.xib */ = {
			isa = PBXVariantGroup;
			children = (
				A169AE5A1BA90210003D6CDB /* Base */,
			);
			name = LaunchScreen.xib;
			sourceTree = "<group>";
		};
/* End PBXVariantGroup section */

/* Begin XCBuildConfiguration section */
		A169AE681BA90210003D6CDB /* Debug */ = {
			isa = XCBuildConfiguration;
			buildSettings = {
				ALWAYS_SEARCH_USER_PATHS = NO;
				CLANG_CXX_LANGUAGE_STANDARD = "gnu++0x";
				CLANG_CXX_LIBRARY = "libc++";
				CLANG_ENABLE_MODULES = YES;
				CLANG_ENABLE_OBJC_ARC = YES;
				CLANG_WARN_BOOL_CONVERSION = YES;
				CLANG_WARN_CONSTANT_CONVERSION = YES;
				CLANG_WARN_DIRECT_OBJC_ISA_USAGE = YES_ERROR;
				CLANG_WARN_EMPTY_BODY = YES;
				CLANG_WARN_ENUM_CONVERSION = YES;
				CLANG_WARN_INT_CONVERSION = YES;
				CLANG_WARN_OBJC_ROOT_CLASS = YES_ERROR;
				CLANG_WARN_UNREACHABLE_CODE = YES;
				CLANG_WARN__DUPLICATE_METHOD_MATCH = YES;
				"CODE_SIGN_IDENTITY[sdk=iphoneos*]" = "iPhone Developer";
				COPY_PHASE_STRIP = NO;
				DEBUG_INFORMATION_FORMAT = "dwarf-with-dsym";
				ENABLE_STRICT_OBJC_MSGSEND = YES;
				GCC_C_LANGUAGE_STANDARD = gnu99;
				GCC_DYNAMIC_NO_PIC = NO;
				GCC_NO_COMMON_BLOCKS = YES;
				GCC_OPTIMIZATION_LEVEL = 0;
				GCC_PREPROCESSOR_DEFINITIONS = (
					"DEBUG=1",
					"$(inherited)",
				);
				GCC_SYMBOLS_PRIVATE_EXTERN = NO;
				GCC_WARN_64_TO_32_BIT_CONVERSION = YES;
				GCC_WARN_ABOUT_RETURN_TYPE = YES_ERROR;
				GCC_WARN_UNDECLARED_SELECTOR = YES;
				GCC_WARN_UNINITIALIZED_AUTOS = YES_AGGRESSIVE;
				GCC_WARN_UNUSED_FUNCTION = YES;
				GCC_WARN_UNUSED_VARIABLE = YES;
				IPHONEOS_DEPLOYMENT_TARGET = 8.4;
				MTL_ENABLE_DEBUG_INFO = YES;
				ONLY_ACTIVE_ARCH = YES;
				SDKROOT = iphoneos;
				SWIFT_OPTIMIZATION_LEVEL = "-Onone";
			};
			name = Debug;
		};
		A169AE691BA90210003D6CDB /* Release */ = {
			isa = XCBuildConfiguration;
			buildSettings = {
				ALWAYS_SEARCH_USER_PATHS = NO;
				CLANG_CXX_LANGUAGE_STANDARD = "gnu++0x";
				CLANG_CXX_LIBRARY = "libc++";
				CLANG_ENABLE_MODULES = YES;
				CLANG_ENABLE_OBJC_ARC = YES;
				CLANG_WARN_BOOL_CONVERSION = YES;
				CLANG_WARN_CONSTANT_CONVERSION = YES;
				CLANG_WARN_DIRECT_OBJC_ISA_USAGE = YES_ERROR;
				CLANG_WARN_EMPTY_BODY = YES;
				CLANG_WARN_ENUM_CONVERSION = YES;
				CLANG_WARN_INT_CONVERSION = YES;
				CLANG_WARN_OBJC_ROOT_CLASS = YES_ERROR;
				CLANG_WARN_UNREACHABLE_CODE = YES;
				CLANG_WARN__DUPLICATE_METHOD_MATCH = YES;
				"CODE_SIGN_IDENTITY[sdk=iphoneos*]" = "iPhone Developer";
				COPY_PHASE_STRIP = NO;
				DEBUG_INFORMATION_FORMAT = "dwarf-with-dsym";
				ENABLE_NS_ASSERTIONS = NO;
				ENABLE_STRICT_OBJC_MSGSEND = YES;
				GCC_C_LANGUAGE_STANDARD = gnu99;
				GCC_NO_COMMON_BLOCKS = YES;
				GCC_WARN_64_TO_32_BIT_CONVERSION = YES;
				GCC_WARN_ABOUT_RETURN_TYPE = YES_ERROR;
				GCC_WARN_UNDECLARED_SELECTOR = YES;
				GCC_WARN_UNINITIALIZED_AUTOS = YES_AGGRESSIVE;
				GCC_WARN_UNUSED_FUNCTION = YES;
				GCC_WARN_UNUSED_VARIABLE = YES;
				IPHONEOS_DEPLOYMENT_TARGET = 8.4;
				MTL_ENABLE_DEBUG_INFO = NO;
				SDKROOT = iphoneos;
				VALIDATE_PRODUCT = YES;
			};
			name = Release;
		};
		A169AE6B1BA90210003D6CDB /* Debug */ = {
			isa = XCBuildConfiguration;
			buildSettings = {
				ASSETCATALOG_COMPILER_APPICON_NAME = AppIcon;
				INFOPLIST_FILE = PhotoApp/Info.plist;
				LD_RUNPATH_SEARCH_PATHS = "$(inherited) @executable_path/Frameworks";
				PRODUCT_NAME = "$(TARGET_NAME)";
			};
			name = Debug;
		};
		A169AE6C1BA90210003D6CDB /* Release */ = {
			isa = XCBuildConfiguration;
			buildSettings = {
				ASSETCATALOG_COMPILER_APPICON_NAME = AppIcon;
				INFOPLIST_FILE = PhotoApp/Info.plist;
				LD_RUNPATH_SEARCH_PATHS = "$(inherited) @executable_path/Frameworks";
				PRODUCT_NAME = "$(TARGET_NAME)";
			};
			name = Release;
		};
		A169AE6E1BA90210003D6CDB /* Debug */ = {
			isa = XCBuildConfiguration;
			buildSettings = {
				BUNDLE_LOADER = "$(TEST_HOST)";
				FRAMEWORK_SEARCH_PATHS = (
					"$(SDKROOT)/Developer/Library/Frameworks",
					"$(inherited)",
				);
				GCC_PREPROCESSOR_DEFINITIONS = (
					"DEBUG=1",
					"$(inherited)",
				);
				INFOPLIST_FILE = PhotoAppTests/Info.plist;
				LD_RUNPATH_SEARCH_PATHS = "$(inherited) @executable_path/Frameworks @loader_path/Frameworks";
				PRODUCT_NAME = "$(TARGET_NAME)";
				TEST_HOST = "$(BUILT_PRODUCTS_DIR)/PhotoApp.app/PhotoApp";
			};
			name = Debug;
		};
		A169AE6F1BA90210003D6CDB /* Release */ = {
			isa = XCBuildConfiguration;
			buildSettings = {
				BUNDLE_LOADER = "$(TEST_HOST)";
				FRAMEWORK_SEARCH_PATHS = (
					"$(SDKROOT)/Developer/Library/Frameworks",
					"$(inherited)",
				);
				INFOPLIST_FILE = PhotoAppTests/Info.plist;
				LD_RUNPATH_SEARCH_PATHS = "$(inherited) @executable_path/Frameworks @loader_path/Frameworks";
				PRODUCT_NAME = "$(TARGET_NAME)";
				TEST_HOST = "$(BUILT_PRODUCTS_DIR)/PhotoApp.app/PhotoApp";
			};
			name = Release;
		};
/* End XCBuildConfiguration section */

/* Begin XCConfigurationList section */
		A169AE461BA90210003D6CDB /* Build configuration list for PBXProject "PhotoApp" */ = {
			isa = XCConfigurationList;
			buildConfigurations = (
				A169AE681BA90210003D6CDB /* Debug */,
				A169AE691BA90210003D6CDB /* Release */,
			);
			defaultConfigurationIsVisible = 0;
			defaultConfigurationName = Release;
		};
		A169AE6A1BA90210003D6CDB /* Build configuration list for PBXNativeTarget "PhotoApp" */ = {
			isa = XCConfigurationList;
			buildConfigurations = (
				A169AE6B1BA90210003D6CDB /* Debug */,
				A169AE6C1BA90210003D6CDB /* Release */,
			);
			defaultConfigurationIsVisible = 0;
		};
		A169AE6D1BA90210003D6CDB /* Build configuration list for PBXNativeTarget "PhotoAppTests" */ = {
			isa = XCConfigurationList;
			buildConfigurations = (
				A169AE6E1BA90210003D6CDB /* Debug */,
				A169AE6F1BA90210003D6CDB /* Release */,
			);
			defaultConfigurationIsVisible = 0;
		};
/* End XCConfigurationList section */
	};
	rootObject = A169AE431BA90210003D6CDB /* Project object */;
}
